
Microsoft Visual Studio Solution File, Format Version 12.00
# Visual Studio 15
VisualStudioVersion = 15.0.27428.2027
MinimumVisualStudioVersion = 10.0.40219.1
Project("{FAE04EC0-301F-11D3-BF4B-00C04F79EFBC}") = "PS4ToolAndroid", "PS4ToolAndroid\PS4ToolAndroid.csproj", "{F7B5C32B-9E33-41E1-AF74-737E63EC729E}"
EndProject
Global
	GlobalSection(SolutionConfigurationPlatforms) = preSolution
		Debug|Any CPU = Debug|Any CPU
		Release|Any CPU = Release|Any CPU
	EndGlobalSection
	GlobalSection(ProjectConfigurationPlatforms) = postSolution
		{F7B5C32B-9E33-41E1-AF74-737E63EC729E}.Debug|Any CPU.ActiveCfg = Debug|Any CPU
		{F7B5C32B-9E33-41E1-AF74-737E63EC729E}.Debug|Any CPU.Build.0 = Debug|Any CPU
		{F7B5C32B-9E33-41E1-AF74-737E63EC729E}.Debug|Any CPU.Deploy.0 = Debug|Any CPU
		{F7B5C32B-9E33-41E1-AF74-737E63EC729E}.Release|Any CPU.ActiveCfg = Release|Any CPU
		{F7B5C32B-9E33-41E1-AF74-737E63EC729E}.Release|Any CPU.Build.0 = Release|Any CPU
		{F7B5C32B-9E33-41E1-AF74-737E63EC729E}.Release|Any CPU.Deploy.0 = Release|Any CPU
	EndGlobalSection
	GlobalSection(SolutionProperties) = preSolution
		HideSolutionNode = FALSE
	EndGlobalSection
	GlobalSection(ExtensibilityGlobals) = postSolution
		SolutionGuid = {5AC6CE26-37F4-430E-A464-CF9CD9B801D7}
	EndGlobalSection
EndGlobal
